
Microsoft Visual Studio Solution File, Format Version 12.00
# Visual Studio Version 16
VisualStudioVersion = 16.0.31424.327
MinimumVisualStudioVersion = 10.0.40219.1
Project("{FAE04EC0-301F-11D3-BF4B-00C04F79EFBC}") = "摩托罗拉多开助手", "摩托罗拉多开助手\摩托罗拉多开助手.csproj", "{478E167C-C3E5-476D-8729-ED58E5840535}"
EndProject
Global
	GlobalSection(SolutionConfigurationPlatforms) = preSolution
		Debug|Any CPU = Debug|Any CPU
		Release|Any CPU = Release|Any CPU
	EndGlobalSection
	GlobalSection(ProjectConfigurationPlatforms) = postSolution
		{478E167C-C3E5-476D-8729-ED58E5840535}.Debug|Any CPU.ActiveCfg = Debug|Any CPU
		{478E167C-C3E5-476D-8729-ED58E5840535}.Debug|Any CPU.Build.0 = Debug|Any CPU
		{478E167C-C3E5-476D-8729-ED58E5840535}.Release|Any CPU.ActiveCfg = Release|Any CPU
		{478E167C-C3E5-476D-8729-ED58E5840535}.Release|Any CPU.Build.0 = Release|Any CPU
	EndGlobalSection
	GlobalSection(SolutionProperties) = preSolution
		HideSolutionNode = FALSE
	EndGlobalSection
	GlobalSection(ExtensibilityGlobals) = postSolution
		SolutionGuid = {3F648B40-3347-48D4-B367-FABEE7FC0906}
	EndGlobalSection
EndGlobal
